{
    "_readme": [
        "This file locks the dependencies of your project to a known state",
        "Read more about it at https://getcomposer.org/doc/01-basic-usage.md#installing-dependencies",
        "This file is @generated automatically"
    ],
    "content-hash": "bee80f0c082dd37a3297c7c74033401a",
    "packages": [
        {
            "name": "rh/blueprint-core",
            "version": "v2.5.1",
            "source": {
                "type": "git",
                "url": "https://github.com/herbeckrobin/rh-blueprint-core.git",
                "reference": "0b1bb1dea508d3f23b6ecfa83c188c2981a38e5e"
            },
            "dist": {
                "type": "zip",
                "url": "https://api.github.com/repos/herbeckrobin/rh-blueprint-core/zipball/0b1bb1dea508d3f23b6ecfa83c188c2981a38e5e",
                "reference": "0b1bb1dea508d3f23b6ecfa83c188c2981a38e5e",
                "shasum": ""
            },
            "require": {
                "php": ">=8.1"
            },
            "type": "library",
            "autoload": {
                "files": [
                    "rh-blueprint-core.php"
                ]
            },
            "license": [
                "GPL-2.0-or-later"
            ],
            "authors": [
                {
                    "name": "Robin Herbeck",
                    "homepage": "https://robinherbeck.de"
                }
            ],
            "description": "Geteilter Core fuer die rh-blueprint Plugin-Kollektion: Service-Registry, Settings-Framework, Shared Admin-UI, Environment-Helper.",
            "support": {
                "source": "https://github.com/herbeckrobin/rh-blueprint-core/tree/v2.5.1",
                "issues": "https://github.com/herbeckrobin/rh-blueprint-core/issues"
            },
            "time": "2026-06-18T08:50:08+00:00"
        },
        {
            "name": "rh/db-engine",
            "version": "v1.1.2",
            "source": {
                "type": "git",
                "url": "https://github.com/herbeckrobin/rh-db-engine.git",
                "reference": "348b0ba73386417430a93dcc651a4b9e1701ebda"
            },
            "dist": {
                "type": "zip",
                "url": "https://api.github.com/repos/herbeckrobin/rh-db-engine/zipball/348b0ba73386417430a93dcc651a4b9e1701ebda",
                "reference": "348b0ba73386417430a93dcc651a4b9e1701ebda",
                "shasum": ""
            },
            "require": {
                "php": ">=8.1"
            },
            "type": "library",
            "autoload": {
                "files": [
                    "rh-db-engine.php"
                ]
            },
            "license": [
                "GPL-2.0-or-later"
            ],
            "authors": [
                {
                    "name": "Robin Herbeck",
                    "homepage": "https://robinherbeck.de"
                }
            ],
            "description": "Geteilte DB-Engine der rh-blueprint Kollektion: Storage, Export, Import, Search-Replace.",
            "support": {
                "source": "https://github.com/herbeckrobin/rh-db-engine/tree/v1.1.2",
                "issues": "https://github.com/herbeckrobin/rh-db-engine/issues"
            },
            "time": "2026-06-29T10:41:25+00:00"
        },
        {
            "name": "yahnis-elsts/plugin-update-checker",
            "version": "v5.7",
            "source": {
                "type": "git",
                "url": "https://github.com/YahnisElsts/plugin-update-checker.git",
                "reference": "275a96a2a18d03c34c87f35cb68673c8c49ac3b1"
            },
            "dist": {
                "type": "zip",
                "url": "https://api.github.com/repos/YahnisElsts/plugin-update-checker/zipball/275a96a2a18d03c34c87f35cb68673c8c49ac3b1",
                "reference": "275a96a2a18d03c34c87f35cb68673c8c49ac3b1",
                "shasum": ""
            },
            "require": {
                "ext-json": "*",
                "php": ">=5.6.20"
            },
            "type": "library",
            "autoload": {
                "files": [
                    "load-v5p7.php"
                ]
            },
            "notification-url": "https://packagist.org/downloads/",
            "license": [
                "MIT"
            ],
            "authors": [
                {
                    "name": "Yahnis Elsts",
                    "email": "whiteshadow@w-shadow.com",
                    "homepage": "https://w-shadow.com/",
                    "role": "Developer"
                }
            ],
            "description": "A custom update checker for WordPress plugins and themes. Useful if you can't host your plugin in the official WP repository but still want it to support automatic updates.",
            "homepage": "https://github.com/YahnisElsts/plugin-update-checker/",
            "keywords": [
                "automatic updates",
                "plugin updates",
                "theme updates",
                "wordpress"
            ],
            "support": {
                "issues": "https://github.com/YahnisElsts/plugin-update-checker/issues",
                "source": "https://github.com/YahnisElsts/plugin-update-checker/tree/v5.7"
            },
            "time": "2026-05-26T12:48:45+00:00"
        }
    ],
    "packages-dev": [],
    "aliases": [],
    "minimum-stability": "stable",
    "stability-flags": {},
    "prefer-stable": false,
    "prefer-lowest": false,
    "platform": {
        "php": ">=8.1"
    },
    "platform-dev": {},
    "plugin-api-version": "2.9.0"
}
